
Microsoft Visual Studio Solution File, Format Version 12.00
# Visual Studio Version 17
VisualStudioVersion = 17.3.32901.215
MinimumVisualStudioVersion = 10.0.40219.1
Project("{FAE04EC0-301F-11D3-BF4B-00C04F79EFBC}") = "belgeornk1", "belgeornk1\belgeornk1.csproj", "{36A9C27D-221F-452F-A0EB-467CA466C5CF}"
EndProject
Global
	GlobalSection(SolutionConfigurationPlatforms) = preSolution
		Debug|Any CPU = Debug|Any CPU
		Release|Any CPU = Release|Any CPU
	EndGlobalSection
	GlobalSection(ProjectConfigurationPlatforms) = postSolution
		{36A9C27D-221F-452F-A0EB-467CA466C5CF}.Debug|Any CPU.ActiveCfg = Debug|Any CPU
		{36A9C27D-221F-452F-A0EB-467CA466C5CF}.Debug|Any CPU.Build.0 = Debug|Any CPU
		{36A9C27D-221F-452F-A0EB-467CA466C5CF}.Release|Any CPU.ActiveCfg = Release|Any CPU
		{36A9C27D-221F-452F-A0EB-467CA466C5CF}.Release|Any CPU.Build.0 = Release|Any CPU
	EndGlobalSection
	GlobalSection(SolutionProperties) = preSolution
		HideSolutionNode = FALSE
	EndGlobalSection
	GlobalSection(ExtensibilityGlobals) = postSolution
		SolutionGuid = {E5626CF5-83FB-4E83-846E-449B5203C8B6}
	EndGlobalSection
EndGlobal
